
Microsoft Visual Studio Solution File, Format Version 12.00
# Visual Studio Version 17
VisualStudioVersion = 17.6.33723.286
MinimumVisualStudioVersion = 10.0.40219.1
Project("{9A19103F-16F7-4668-BE54-9A1E7A4F7556}") = "Core", "Qase\Core.csproj", "{C2A8DAAA-E1B7-4291-B24A-96B9E1F4ABEC}"
EndProject
Project("{FAE04EC0-301F-11D3-BF4B-00C04F79EFBC}") = "Tests", "Tests\Tests.csproj", "{F6BA5885-C735-4E47-BF3E-A1BA4E70AA1D}"
EndProject
Project("{FAE04EC0-301F-11D3-BF4B-00C04F79EFBC}") = "UI", "BusinessObject\UI.csproj", "{397BCE80-4AE7-4D8D-9B6E-3E26E3CA7101}"
EndProject
Project("{FAE04EC0-301F-11D3-BF4B-00C04F79EFBC}") = "API", "API\API.csproj", "{9EC4C261-6790-4F6C-B74D-D5AF84DEBCFE}"
EndProject
Project("{FAE04EC0-301F-11D3-BF4B-00C04F79EFBC}") = "Steps", "Steps\Steps.csproj", "{A697CAA7-0985-488B-BFF8-70957BB2414A}"
EndProject
Global
	GlobalSection(SolutionConfigurationPlatforms) = preSolution
		Debug|Any CPU = Debug|Any CPU
		Release|Any CPU = Release|Any CPU
	EndGlobalSection
	GlobalSection(ProjectConfigurationPlatforms) = postSolution
		{C2A8DAAA-E1B7-4291-B24A-96B9E1F4ABEC}.Debug|Any CPU.ActiveCfg = Debug|Any CPU
		{C2A8DAAA-E1B7-4291-B24A-96B9E1F4ABEC}.Debug|Any CPU.Build.0 = Debug|Any CPU
		{C2A8DAAA-E1B7-4291-B24A-96B9E1F4ABEC}.Release|Any CPU.ActiveCfg = Release|Any CPU
		{C2A8DAAA-E1B7-4291-B24A-96B9E1F4ABEC}.Release|Any CPU.Build.0 = Release|Any CPU
		{F6BA5885-C735-4E47-BF3E-A1BA4E70AA1D}.Debug|Any CPU.ActiveCfg = Debug|Any CPU
		{F6BA5885-C735-4E47-BF3E-A1BA4E70AA1D}.Debug|Any CPU.Build.0 = Debug|Any CPU
		{F6BA5885-C735-4E47-BF3E-A1BA4E70AA1D}.Release|Any CPU.ActiveCfg = Release|Any CPU
		{F6BA5885-C735-4E47-BF3E-A1BA4E70AA1D}.Release|Any CPU.Build.0 = Release|Any CPU
		{397BCE80-4AE7-4D8D-9B6E-3E26E3CA7101}.Debug|Any CPU.ActiveCfg = Debug|Any CPU
		{397BCE80-4AE7-4D8D-9B6E-3E26E3CA7101}.Debug|Any CPU.Build.0 = Debug|Any CPU
		{397BCE80-4AE7-4D8D-9B6E-3E26E3CA7101}.Release|Any CPU.ActiveCfg = Release|Any CPU
		{397BCE80-4AE7-4D8D-9B6E-3E26E3CA7101}.Release|Any CPU.Build.0 = Release|Any CPU
		{9EC4C261-6790-4F6C-B74D-D5AF84DEBCFE}.Debug|Any CPU.ActiveCfg = Debug|Any CPU
		{9EC4C261-6790-4F6C-B74D-D5AF84DEBCFE}.Debug|Any CPU.Build.0 = Debug|Any CPU
		{9EC4C261-6790-4F6C-B74D-D5AF84DEBCFE}.Release|Any CPU.ActiveCfg = Release|Any CPU
		{9EC4C261-6790-4F6C-B74D-D5AF84DEBCFE}.Release|Any CPU.Build.0 = Release|Any CPU
		{A697CAA7-0985-488B-BFF8-70957BB2414A}.Debug|Any CPU.ActiveCfg = Debug|Any CPU
		{A697CAA7-0985-488B-BFF8-70957BB2414A}.Debug|Any CPU.Build.0 = Debug|Any CPU
		{A697CAA7-0985-488B-BFF8-70957BB2414A}.Release|Any CPU.ActiveCfg = Release|Any CPU
		{A697CAA7-0985-488B-BFF8-70957BB2414A}.Release|Any CPU.Build.0 = Release|Any CPU
	EndGlobalSection
	GlobalSection(SolutionProperties) = preSolution
		HideSolutionNode = FALSE
	EndGlobalSection
	GlobalSection(ExtensibilityGlobals) = postSolution
		SolutionGuid = {2284EEA4-CAA3-46CE-A087-546BD74EADB4}
	EndGlobalSection
EndGlobal
